
Microsoft Visual Studio Solution File, Format Version 11.00
# Visual Studio 2010
Project("{FAE04EC0-301F-11D3-BF4B-00C04F79EFBC}") = "ForceClone", "ForceClone.csproj", "{B6FE5874-C0E8-46FE-B510-A0F514925AEC}"
EndProject
Global
	GlobalSection(SolutionConfigurationPlatforms) = preSolution
		Debug|Any CPU = Debug|Any CPU
		Release|Any CPU = Release|Any CPU
	EndGlobalSection
	GlobalSection(ProjectConfigurationPlatforms) = postSolution
		{B6FE5874-C0E8-46FE-B510-A0F514925AEC}.Debug|Any CPU.ActiveCfg = Debug|Any CPU
		{B6FE5874-C0E8-46FE-B510-A0F514925AEC}.Debug|Any CPU.Build.0 = Debug|Any CPU
		{B6FE5874-C0E8-46FE-B510-A0F514925AEC}.Release|Any CPU.ActiveCfg = Release|Any CPU
		{B6FE5874-C0E8-46FE-B510-A0F514925AEC}.Release|Any CPU.Build.0 = Release|Any CPU
	EndGlobalSection
	GlobalSection(SolutionProperties) = preSolution
		HideSolutionNode = FALSE
	EndGlobalSection
EndGlobal
